
Microsoft Visual Studio Solution File, Format Version 12.00
# Visual Studio 15
VisualStudioVersion = 15.0.28010.0
MinimumVisualStudioVersion = 10.0.40219.1
Project("{FAE04EC0-301F-11D3-BF4B-00C04F79EFBC}") = "CinestarMovieBooking", "CinestarMovieBooking\CinestarMovieBooking.csproj", "{2BF2AEF2-464E-42DA-BEBE-27B22A666584}"
EndProject
Project("{FAE04EC0-301F-11D3-BF4B-00C04F79EFBC}") = "CinestarEntities", "CinestarEntities\CinestarEntities.csproj", "{CDF4CFC4-9F50-4F61-940D-D4452FDE4082}"
EndProject
Project("{FAE04EC0-301F-11D3-BF4B-00C04F79EFBC}") = "CinestarDataAccessLayer", "CinestarDataAccessLayer\CinestarDataAccessLayer.csproj", "{04943009-635D-43E1-94F6-4C25B50E9DE6}"
EndProject
Project("{FAE04EC0-301F-11D3-BF4B-00C04F79EFBC}") = "CinestarExceptions", "CinestarExceptions\CinestarExceptions.csproj", "{8BDF27F6-4366-40BE-B04D-D4ED713C36B7}"
EndProject
Project("{FAE04EC0-301F-11D3-BF4B-00C04F79EFBC}") = "CinestarBusinessLogic", "CinestarBusinessLogic\CinestarBusinessLogic.csproj", "{794718F6-D53B-44E9-A2FF-924889D3CD76}"
EndProject
Global
	GlobalSection(SolutionConfigurationPlatforms) = preSolution
		Debug|Any CPU = Debug|Any CPU
		Release|Any CPU = Release|Any CPU
	EndGlobalSection
	GlobalSection(ProjectConfigurationPlatforms) = postSolution
		{2BF2AEF2-464E-42DA-BEBE-27B22A666584}.Debug|Any CPU.ActiveCfg = Debug|Any CPU
		{2BF2AEF2-464E-42DA-BEBE-27B22A666584}.Debug|Any CPU.Build.0 = Debug|Any CPU
		{2BF2AEF2-464E-42DA-BEBE-27B22A666584}.Release|Any CPU.ActiveCfg = Release|Any CPU
		{2BF2AEF2-464E-42DA-BEBE-27B22A666584}.Release|Any CPU.Build.0 = Release|Any CPU
		{CDF4CFC4-9F50-4F61-940D-D4452FDE4082}.Debug|Any CPU.ActiveCfg = Debug|Any CPU
		{CDF4CFC4-9F50-4F61-940D-D4452FDE4082}.Debug|Any CPU.Build.0 = Debug|Any CPU
		{CDF4CFC4-9F50-4F61-940D-D4452FDE4082}.Release|Any CPU.ActiveCfg = Release|Any CPU
		{CDF4CFC4-9F50-4F61-940D-D4452FDE4082}.Release|Any CPU.Build.0 = Release|Any CPU
		{04943009-635D-43E1-94F6-4C25B50E9DE6}.Debug|Any CPU.ActiveCfg = Debug|Any CPU
		{04943009-635D-43E1-94F6-4C25B50E9DE6}.Debug|Any CPU.Build.0 = Debug|Any CPU
		{04943009-635D-43E1-94F6-4C25B50E9DE6}.Release|Any CPU.ActiveCfg = Release|Any CPU
		{04943009-635D-43E1-94F6-4C25B50E9DE6}.Release|Any CPU.Build.0 = Release|Any CPU
		{8BDF27F6-4366-40BE-B04D-D4ED713C36B7}.Debug|Any CPU.ActiveCfg = Debug|Any CPU
		{8BDF27F6-4366-40BE-B04D-D4ED713C36B7}.Debug|Any CPU.Build.0 = Debug|Any CPU
		{8BDF27F6-4366-40BE-B04D-D4ED713C36B7}.Release|Any CPU.ActiveCfg = Release|Any CPU
		{8BDF27F6-4366-40BE-B04D-D4ED713C36B7}.Release|Any CPU.Build.0 = Release|Any CPU
		{794718F6-D53B-44E9-A2FF-924889D3CD76}.Debug|Any CPU.ActiveCfg = Debug|Any CPU
		{794718F6-D53B-44E9-A2FF-924889D3CD76}.Debug|Any CPU.Build.0 = Debug|Any CPU
		{794718F6-D53B-44E9-A2FF-924889D3CD76}.Release|Any CPU.ActiveCfg = Release|Any CPU
		{794718F6-D53B-44E9-A2FF-924889D3CD76}.Release|Any CPU.Build.0 = Release|Any CPU
	EndGlobalSection
	GlobalSection(SolutionProperties) = preSolution
		HideSolutionNode = FALSE
	EndGlobalSection
	GlobalSection(ExtensibilityGlobals) = postSolution
		SolutionGuid = {77122244-C8F0-45C9-B144-0455FCC82FB5}
	EndGlobalSection
EndGlobal
